
Microsoft Visual Studio Solution File, Format Version 12.00
# Visual Studio 15
VisualStudioVersion = 15.0.26124.0
MinimumVisualStudioVersion = 15.0.26124.0
Project("{FAE04EC0-301F-11D3-BF4B-00C04F79EFBC}") = "PaymentContext.Domain", "PaymentContext.Domain\PaymentContext.Domain.csproj", "{0DB14C27-7BBA-4EBE-A25C-56B0056DA36D}"
EndProject
Project("{FAE04EC0-301F-11D3-BF4B-00C04F79EFBC}") = "PaymentContext.Shared", "PaymentContext.Shared\PaymentContext.Shared.csproj", "{7F87B960-9A61-4A01-BB14-AEA58A6944DA}"
EndProject
Project("{FAE04EC0-301F-11D3-BF4B-00C04F79EFBC}") = "PaymentContext.Tests", "PaymentContext.Tests\PaymentContext.Tests.csproj", "{8D70E14C-45FF-4840-9D11-FD8CE3FAC89A}"
EndProject
Global
	GlobalSection(SolutionConfigurationPlatforms) = preSolution
		Debug|Any CPU = Debug|Any CPU
		Debug|x64 = Debug|x64
		Debug|x86 = Debug|x86
		Release|Any CPU = Release|Any CPU
		Release|x64 = Release|x64
		Release|x86 = Release|x86
	EndGlobalSection
	GlobalSection(SolutionProperties) = preSolution
		HideSolutionNode = FALSE
	EndGlobalSection
	GlobalSection(ProjectConfigurationPlatforms) = postSolution
		{0DB14C27-7BBA-4EBE-A25C-56B0056DA36D}.Debug|Any CPU.ActiveCfg = Debug|Any CPU
		{0DB14C27-7BBA-4EBE-A25C-56B0056DA36D}.Debug|Any CPU.Build.0 = Debug|Any CPU
		{0DB14C27-7BBA-4EBE-A25C-56B0056DA36D}.Debug|x64.ActiveCfg = Debug|Any CPU
		{0DB14C27-7BBA-4EBE-A25C-56B0056DA36D}.Debug|x64.Build.0 = Debug|Any CPU
		{0DB14C27-7BBA-4EBE-A25C-56B0056DA36D}.Debug|x86.ActiveCfg = Debug|Any CPU
		{0DB14C27-7BBA-4EBE-A25C-56B0056DA36D}.Debug|x86.Build.0 = Debug|Any CPU
		{0DB14C27-7BBA-4EBE-A25C-56B0056DA36D}.Release|Any CPU.ActiveCfg = Release|Any CPU
		{0DB14C27-7BBA-4EBE-A25C-56B0056DA36D}.Release|Any CPU.Build.0 = Release|Any CPU
		{0DB14C27-7BBA-4EBE-A25C-56B0056DA36D}.Release|x64.ActiveCfg = Release|Any CPU
		{0DB14C27-7BBA-4EBE-A25C-56B0056DA36D}.Release|x64.Build.0 = Release|Any CPU
		{0DB14C27-7BBA-4EBE-A25C-56B0056DA36D}.Release|x86.ActiveCfg = Release|Any CPU
		{0DB14C27-7BBA-4EBE-A25C-56B0056DA36D}.Release|x86.Build.0 = Release|Any CPU
		{7F87B960-9A61-4A01-BB14-AEA58A6944DA}.Debug|Any CPU.ActiveCfg = Debug|Any CPU
		{7F87B960-9A61-4A01-BB14-AEA58A6944DA}.Debug|Any CPU.Build.0 = Debug|Any CPU
		{7F87B960-9A61-4A01-BB14-AEA58A6944DA}.Debug|x64.ActiveCfg = Debug|Any CPU
		{7F87B960-9A61-4A01-BB14-AEA58A6944DA}.Debug|x64.Build.0 = Debug|Any CPU
		{7F87B960-9A61-4A01-BB14-AEA58A6944DA}.Debug|x86.ActiveCfg = Debug|Any CPU
		{7F87B960-9A61-4A01-BB14-AEA58A6944DA}.Debug|x86.Build.0 = Debug|Any CPU
		{7F87B960-9A61-4A01-BB14-AEA58A6944DA}.Release|Any CPU.ActiveCfg = Release|Any CPU
		{7F87B960-9A61-4A01-BB14-AEA58A6944DA}.Release|Any CPU.Build.0 = Release|Any CPU
		{7F87B960-9A61-4A01-BB14-AEA58A6944DA}.Release|x64.ActiveCfg = Release|Any CPU
		{7F87B960-9A61-4A01-BB14-AEA58A6944DA}.Release|x64.Build.0 = Release|Any CPU
		{7F87B960-9A61-4A01-BB14-AEA58A6944DA}.Release|x86.ActiveCfg = Release|Any CPU
		{7F87B960-9A61-4A01-BB14-AEA58A6944DA}.Release|x86.Build.0 = Release|Any CPU
		{8D70E14C-45FF-4840-9D11-FD8CE3FAC89A}.Debug|Any CPU.ActiveCfg = Debug|Any CPU
		{8D70E14C-45FF-4840-9D11-FD8CE3FAC89A}.Debug|Any CPU.Build.0 = Debug|Any CPU
		{8D70E14C-45FF-4840-9D11-FD8CE3FAC89A}.Debug|x64.ActiveCfg = Debug|Any CPU
		{8D70E14C-45FF-4840-9D11-FD8CE3FAC89A}.Debug|x64.Build.0 = Debug|Any CPU
		{8D70E14C-45FF-4840-9D11-FD8CE3FAC89A}.Debug|x86.ActiveCfg = Debug|Any CPU
		{8D70E14C-45FF-4840-9D11-FD8CE3FAC89A}.Debug|x86.Build.0 = Debug|Any CPU
		{8D70E14C-45FF-4840-9D11-FD8CE3FAC89A}.Release|Any CPU.ActiveCfg = Release|Any CPU
		{8D70E14C-45FF-4840-9D11-FD8CE3FAC89A}.Release|Any CPU.Build.0 = Release|Any CPU
		{8D70E14C-45FF-4840-9D11-FD8CE3FAC89A}.Release|x64.ActiveCfg = Release|Any CPU
		{8D70E14C-45FF-4840-9D11-FD8CE3FAC89A}.Release|x64.Build.0 = Release|Any CPU
		{8D70E14C-45FF-4840-9D11-FD8CE3FAC89A}.Release|x86.ActiveCfg = Release|Any CPU
		{8D70E14C-45FF-4840-9D11-FD8CE3FAC89A}.Release|x86.Build.0 = Release|Any CPU
	EndGlobalSection
EndGlobal
